
Microsoft Visual Studio Solution File, Format Version 12.00
# Visual Studio Version 16
VisualStudioVersion = 16.0.30717.126
MinimumVisualStudioVersion = 10.0.40219.1
Project("{FAE04EC0-301F-11D3-BF4B-00C04F79EFBC}") = "InversionOfControlConsoleApp", "InversionOfControlConsoleApp\InversionOfControlConsoleApp.csproj", "{5EC7D314-9C53-4CD0-8B9B-543D998C3AB7}"
EndProject
Global
	GlobalSection(SolutionConfigurationPlatforms) = preSolution
		Debug|Any CPU = Debug|Any CPU
		Release|Any CPU = Release|Any CPU
	EndGlobalSection
	GlobalSection(ProjectConfigurationPlatforms) = postSolution
		{5EC7D314-9C53-4CD0-8B9B-543D998C3AB7}.Debug|Any CPU.ActiveCfg = Debug|Any CPU
		{5EC7D314-9C53-4CD0-8B9B-543D998C3AB7}.Debug|Any CPU.Build.0 = Debug|Any CPU
		{5EC7D314-9C53-4CD0-8B9B-543D998C3AB7}.Release|Any CPU.ActiveCfg = Release|Any CPU
		{5EC7D314-9C53-4CD0-8B9B-543D998C3AB7}.Release|Any CPU.Build.0 = Release|Any CPU
	EndGlobalSection
	GlobalSection(SolutionProperties) = preSolution
		HideSolutionNode = FALSE
	EndGlobalSection
	GlobalSection(ExtensibilityGlobals) = postSolution
		SolutionGuid = {5484BB49-E796-4A99-975A-1884B59B3E52}
	EndGlobalSection
EndGlobal
